{
  "originHash" : "9463976bc30b995260110b78e7f20b6ad55f4736502737b13870751fd8e74910",
  "pins" : [
    {
      "identity" : "echo",
      "kind" : "remoteSourceControl",
      "location" : "https://github.com/wisent-ai/echo.git",
      "state" : {
        "revision" : "2832658fcfd9eabdedc5fb5fcbcb11685af6e4a7",
        "version" : "0.3.0"
      }
    },
    {
      "identity" : "sparkle",
      "kind" : "remoteSourceControl",
      "location" : "https://github.com/sparkle-project/Sparkle",
      "state" : {
        "revision" : "79bc9e872948e47877e76f194cb0c8e0412b0b90",
        "version" : "2.9.5"
      }
    },
    {
      "identity" : "wisent-components",
      "kind" : "remoteSourceControl",
      "location" : "https://github.com/wisent-ai/wisent-components.git",
      "state" : {
        "revision" : "40649453b8a9fc65fcf033b40ae0280f12b5dd24",
        "version" : "0.9.1"
      }
    },
    {
      "identity" : "wisent-desktop-auth",
      "kind" : "remoteSourceControl",
      "location" : "https://github.com/wisent-ai/wisent-desktop-auth.git",
      "state" : {
        "revision" : "e2d01aa21c37f1aad98d426eb869105ade94d0c7",
        "version" : "0.3.5"
      }
    },
    {
      "identity" : "wisent-desktop-update",
      "kind" : "remoteSourceControl",
      "location" : "https://github.com/wisent-ai/wisent-desktop-update.git",
      "state" : {
        "revision" : "ff387340b475eca7f47bf6202759dd23018b0c3e",
        "version" : "0.2.0"
      }
    },
    {
      "identity" : "wisent-errors",
      "kind" : "remoteSourceControl",
      "location" : "https://github.com/wisent-ai/wisent-errors.git",
      "state" : {
        "revision" : "b01a0c99766b5c6378ecdbf3921108420ba058f1",
        "version" : "1.0.0"
      }
    }
  ],
  "version" : 3
}
