{
  "originHash" : "261be56a2ea5dec911725828620d8e7ca4ce5237d39e1a7ea32e51cf7f12ad1f",
  "pins" : [
    {
      "identity" : "echo",
      "kind" : "remoteSourceControl",
      "location" : "https://github.com/wisent-ai/echo.git",
      "state" : {
        "revision" : "7c4677dbc2cff315110510447dafbd69d1128792",
        "version" : "0.1.2"
      }
    },
    {
      "identity" : "sparkle",
      "kind" : "remoteSourceControl",
      "location" : "https://github.com/sparkle-project/Sparkle",
      "state" : {
        "revision" : "79bc9e872948e47877e76f194cb0c8e0412b0b90",
        "version" : "2.9.5"
      }
    },
    {
      "identity" : "wisent-components",
      "kind" : "remoteSourceControl",
      "location" : "https://github.com/wisent-ai/wisent-components.git",
      "state" : {
        "revision" : "4b84974ecaef87372f5837e6069fa489c0d05832",
        "version" : "0.7.1"
      }
    },
    {
      "identity" : "wisent-desktop-auth",
      "kind" : "remoteSourceControl",
      "location" : "https://github.com/wisent-ai/wisent-desktop-auth.git",
      "state" : {
        "revision" : "2ea0e92e1b48e6efb8d6668fc8f468fbe8f4fad4"
      }
    },
    {
      "identity" : "wisent-desktop-update",
      "kind" : "remoteSourceControl",
      "location" : "https://github.com/wisent-ai/wisent-desktop-update.git",
      "state" : {
        "revision" : "ff387340b475eca7f47bf6202759dd23018b0c3e",
        "version" : "0.2.0"
      }
    },
    {
      "identity" : "wisent-errors",
      "kind" : "remoteSourceControl",
      "location" : "https://github.com/wisent-ai/wisent-errors.git",
      "state" : {
        "revision" : "b01a0c99766b5c6378ecdbf3921108420ba058f1"
      }
    }
  ],
  "version" : 3
}
