{
  "originHash" : "85af3615093985892e5b501cbd9fdbe3abb49c3df89455cdd2c069c56bc2d09c",
  "pins" : [
    {
      "identity" : "echo",
      "kind" : "remoteSourceControl",
      "location" : "https://github.com/wisent-ai/echo.git",
      "state" : {
        "revision" : "7c4677dbc2cff315110510447dafbd69d1128792",
        "version" : "0.1.2"
      }
    },
    {
      "identity" : "sparkle",
      "kind" : "remoteSourceControl",
      "location" : "https://github.com/sparkle-project/Sparkle",
      "state" : {
        "revision" : "79bc9e872948e47877e76f194cb0c8e0412b0b90",
        "version" : "2.9.5"
      }
    },
    {
      "identity" : "wisent-components",
      "kind" : "remoteSourceControl",
      "location" : "https://github.com/wisent-ai/wisent-components.git",
      "state" : {
        "branch" : "528a955",
        "revision" : "528a955ef3912c39e7d40d7a18a5b5e93fb21772"
      }
    },
    {
      "identity" : "wisent-desktop-auth",
      "kind" : "remoteSourceControl",
      "location" : "https://github.com/wisent-ai/wisent-desktop-auth.git",
      "state" : {
        "branch" : "9b1f8d0",
        "revision" : "9b1f8d0623ce84c212b79c199b40cbd475bb8f21"
      }
    },
    {
      "identity" : "wisent-desktop-update",
      "kind" : "remoteSourceControl",
      "location" : "https://github.com/wisent-ai/wisent-desktop-update.git",
      "state" : {
        "revision" : "04421211d303e48107359df4016ad23bdd1937e1",
        "version" : "0.1.0"
      }
    },
    {
      "identity" : "wisent-errors",
      "kind" : "remoteSourceControl",
      "location" : "https://github.com/wisent-ai/wisent-errors",
      "state" : {
        "revision" : "92da74a839b5d3202183f0a850745f6fc205ed12"
      }
    }
  ],
  "version" : 3
}
